# This file is automatically @generated by Cargo.
# It is not intended for manual editing.
version = 3

[[package]]
name = "ahash"
version = "0.7.0"
source = "registry+https://github.com/rust-lang/crates.io-index"
checksum = "efa60d2eadd8b12a996add391db32bd1153eac697ba4869660c0016353611426"
dependencies = [
 "getrandom",
 "once_cell",
 "version_check",
]

[[package]]
name = "approx"
version = "0.4.0"
source = "registry+https://github.com/rust-lang/crates.io-index"
checksum = "3f2a05fd1bd10b2527e20a2cd32d8873d115b8b39fe219ee25f42a8aca6ba278"
dependencies = [
 "num-traits",
]

[[package]]
name = "arrayvec"
version = "0.6.1"
source = "registry+https://github.com/rust-lang/crates.io-index"
checksum = "269d0f5e68353a7cab87f81e7c736adc008d279a36ebc6a05dfe01193a89f0c9"

[[package]]
name = "autocfg"
version = "1.0.1"
source = "registry+https://github.com/rust-lang/crates.io-index"
checksum = "cdb031dd78e28731d87d56cc8ffef4a8f36ca26c38fe2de700543e627f8a464a"

[[package]]
name = "base-x"
version = "0.2.8"
source = "registry+https://github.com/rust-lang/crates.io-index"
checksum = "a4521f3e3d031370679b3b140beb36dfe4801b09ac77e30c61941f97df3ef28b"

[[package]]
name = "bindgen"
version = "0.56.0"
source = "registry+https://github.com/rust-lang/crates.io-index"
checksum = "2da379dbebc0b76ef63ca68d8fc6e71c0f13e59432e0987e508c1820e6ab5239"
dependencies = [
 "bitflags",
 "cexpr",
 "clang-sys",
 "lazy_static",
 "lazycell",
 "peeking_take_while",
 "proc-macro2",
 "quote",
 "regex",
 "rustc-hash",
 "shlex",
]

[[package]]
name = "bit-vec"
version = "0.6.3"
source = "registry+https://github.com/rust-lang/crates.io-index"
checksum = "349f9b6a179ed607305526ca489b34ad0a41aed5f7980fa90eb03160b69598fb"

[[package]]
name = "bitflags"
version = "1.2.1"
source = "registry+https://github.com/rust-lang/crates.io-index"
checksum = "cf1de2fe8c75bc145a2f577add951f8134889b4795d47466a54a5c846d691693"

[[package]]
name = "bumpalo"
version = "3.7.0"
source = "registry+https://github.com/rust-lang/crates.io-index"
checksum = "9c59e7af012c713f529e7a3ee57ce9b31ddd858d4b512923602f74608b009631"

[[package]]
name = "cexpr"
version = "0.4.0"
source = "registry+https://github.com/rust-lang/crates.io-index"
checksum = "f4aedb84272dbe89af497cf81375129abda4fc0a9e7c5d317498c15cc30c0d27"
dependencies = [
 "nom",
]

[[package]]
name = "cfg-if"
version = "1.0.0"
source = "registry+https://github.com/rust-lang/crates.io-index"
checksum = "baf1de4339761588bc0619e3cbc0120ee582ebb74b53b4efbf79117bd2da40fd"

[[package]]
name = "clang-sys"
version = "1.0.3"
source = "registry+https://github.com/rust-lang/crates.io-index"
checksum = "0659001ab56b791be01d4b729c44376edc6718cf389a502e579b77b758f3296c"
dependencies = [
 "glob",
 "libc",
 "libloading",
]

[[package]]
name = "const_fn"
version = "0.4.5"
source = "registry+https://github.com/rust-lang/crates.io-index"
checksum = "28b9d6de7f49e22cf97ad17fc4036ece69300032f45f78f30b4a4482cdc3f4a6"

[[package]]
name = "crossbeam"
version = "0.8.0"
source = "registry+https://github.com/rust-lang/crates.io-index"
checksum = "fd01a6eb3daaafa260f6fc94c3a6c36390abc2080e38e3e34ced87393fb77d80"
dependencies = [
 "cfg-if",
 "crossbeam-channel",
 "crossbeam-deque",
 "crossbeam-epoch",
 "crossbeam-queue",
 "crossbeam-utils",
]

[[package]]
name = "crossbeam-channel"
version = "0.5.0"
source = "registry+https://github.com/rust-lang/crates.io-index"
checksum = "dca26ee1f8d361640700bde38b2c37d8c22b3ce2d360e1fc1c74ea4b0aa7d775"
dependencies = [
 "cfg-if",
 "crossbeam-utils",
]

[[package]]
name = "crossbeam-deque"
version = "0.8.0"
source = "registry+https://github.com/rust-lang/crates.io-index"
checksum = "94af6efb46fef72616855b036a624cf27ba656ffc9be1b9a3c931cfc7749a9a9"
dependencies = [
 "cfg-if",
 "crossbeam-epoch",
 "crossbeam-utils",
]

[[package]]
name = "crossbeam-epoch"
version = "0.9.1"
source = "registry+https://github.com/rust-lang/crates.io-index"
checksum = "a1aaa739f95311c2c7887a76863f500026092fb1dce0161dab577e559ef3569d"
dependencies = [
 "cfg-if",
 "const_fn",
 "crossbeam-utils",
 "lazy_static",
 "memoffset",
 "scopeguard",
]

[[package]]
name = "crossbeam-queue"
version = "0.3.1"
source = "registry+https://github.com/rust-lang/crates.io-index"
checksum = "0f6cb3c7f5b8e51bc3ebb73a2327ad4abdbd119dc13223f14f961d2f38486756"
dependencies = [
 "cfg-if",
 "crossbeam-utils",
]

[[package]]
name = "crossbeam-utils"
version = "0.8.1"
source = "registry+https://github.com/rust-lang/crates.io-index"
checksum = "02d96d1e189ef58269ebe5b97953da3274d83a93af647c2ddd6f9dab28cedb8d"
dependencies = [
 "autocfg",
 "cfg-if",
 "lazy_static",
]

[[package]]
name = "discard"
version = "1.0.4"
source = "registry+https://github.com/rust-lang/crates.io-index"
checksum = "212d0f5754cb6769937f4501cc0e67f4f4483c8d2c3e1e922ee9edbe4ab4c7c0"

[[package]]
name = "downcast-rs"
version = "1.2.0"
source = "registry+https://github.com/rust-lang/crates.io-index"
checksum = "9ea835d29036a4087793836fa931b08837ad5e957da9e23886b29586fb9b6650"

[[package]]
name = "either"
version = "1.6.1"
source = "registry+https://github.com/rust-lang/crates.io-index"
checksum = "e78d4f1cc4ae33bbfc157ed5d5a5ef3bc29227303d595861deb238fcec4e9457"

[[package]]
name = "euclid"
version = "0.22.1"
source = "registry+https://github.com/rust-lang/crates.io-index"
checksum = "5337024b8293bdce5265dc9570ef6e608a34bfacbbc87fe1a5dcb5f1dac2f4e2"
dependencies = [
 "num-traits",
]

[[package]]
name = "gdnative"
version = "0.9.2"
source = "registry+https://github.com/rust-lang/crates.io-index"
checksum = "9af67a388bcbbf5d9a8b930d463b17b8477e8dda4ee037a054192b1c7716f1de"
dependencies = [
 "gdnative-bindings",
 "gdnative-core",
 "gdnative-derive",
]

[[package]]
name = "gdnative-bindings"
version = "0.9.2"
source = "registry+https://github.com/rust-lang/crates.io-index"
checksum = "7cb80e17b7a2f6b0b0868303114b14547da87011ab6852fc99c159b0a39faa26"
dependencies = [
 "bitflags",
 "gdnative-core",
 "gdnative-sys",
 "gdnative_bindings_generator",
 "heck",
 "libc",
]

[[package]]
name = "gdnative-core"
version = "0.9.2"
source = "registry+https://github.com/rust-lang/crates.io-index"
checksum = "97050bb2ba1f963b9913957d8a7a78a83ef7fd676e3001f83b27fef577e53d31"
dependencies = [
 "ahash",
 "approx",
 "bitflags",
 "euclid",
 "gdnative-impl-proc-macros",
 "gdnative-sys",
 "indexmap",
 "libc",
 "parking_lot",
]

[[package]]
name = "gdnative-derive"
version = "0.9.2"
source = "registry+https://github.com/rust-lang/crates.io-index"
checksum = "c8cdc130c4bd7898ff454e68f6e4e0a8179b8fc3aa76c6bf3e2618512fe7aa05"
dependencies = [
 "proc-macro2",
 "quote",
 "syn",
]

[[package]]
name = "gdnative-impl-proc-macros"
version = "0.9.2"
source = "registry+https://github.com/rust-lang/crates.io-index"
checksum = "4356cc91ee750f01a0b3e9d65e870ee10b9c385d627822381ba2d8e589b0a09b"
dependencies = [
 "proc-macro2",
 "quote",
 "syn",
]

[[package]]
name = "gdnative-sys"
version = "0.9.2"
source = "registry+https://github.com/rust-lang/crates.io-index"
checksum = "effc2a0155de9fc3f74f8f2059cfab320fcea08fb02e5d5babdeff37aa9565d7"
dependencies = [
 "bindgen",
 "libc",
 "miniserde",
 "proc-macro2",
 "quote",
]

[[package]]
name = "gdnative_bindings_generator"
version = "0.9.2"
source = "registry+https://github.com/rust-lang/crates.io-index"
checksum = "da4435d2a3c3a9daa42b59641cc295cf36c7075cb67a13dd36e6768c367169ec"
dependencies = [
 "heck",
 "miniserde",
 "proc-macro2",
 "quote",
 "roxmltree",
 "syn",
 "unindent",
]

[[package]]
name = "generic-array"
version = "0.14.4"
source = "registry+https://github.com/rust-lang/crates.io-index"
checksum = "501466ecc8a30d1d3b7fc9229b122b2ce8ed6e9d9223f1138d4babb253e51817"
dependencies = [
 "typenum",
 "version_check",
]

[[package]]
name = "getrandom"
version = "0.2.2"
source = "registry+https://github.com/rust-lang/crates.io-index"
checksum = "c9495705279e7140bf035dde1f6e750c162df8b625267cd52cc44e0b156732c8"
dependencies = [
 "cfg-if",
 "libc",
 "wasi",
]

[[package]]
name = "glob"
version = "0.3.0"
source = "registry+https://github.com/rust-lang/crates.io-index"
checksum = "9b919933a397b79c37e33b77bb2aa3dc8eb6e165ad809e58ff75bc7db2e34574"

[[package]]
name = "hashbrown"
version = "0.9.1"
source = "registry+https://github.com/rust-lang/crates.io-index"
checksum = "d7afe4a420e3fe79967a00898cc1f4db7c8a49a9333a29f8a4bd76a253d5cd04"

[[package]]
name = "heck"
version = "0.3.2"
source = "registry+https://github.com/rust-lang/crates.io-index"
checksum = "87cbf45460356b7deeb5e3415b5563308c0a9b057c85e12b06ad551f98d0a6ac"
dependencies = [
 "unicode-segmentation",
]

[[package]]
name = "indexmap"
version = "1.6.1"
source = "registry+https://github.com/rust-lang/crates.io-index"
checksum = "4fb1fa934250de4de8aef298d81c729a7d33d8c239daa3a7575e6b92bfc7313b"
dependencies = [
 "autocfg",
 "hashbrown",
]

[[package]]
name = "instant"
version = "0.1.9"
source = "git+https://github.com/extrawurst/instant.git?rev=9447392#9447392b69f3506bb01f9a4dd47580cdd371d0d7"
dependencies = [
 "cfg-if",
 "time",
]

[[package]]
name = "itoa"
version = "0.4.7"
source = "registry+https://github.com/rust-lang/crates.io-index"
checksum = "dd25036021b0de88a0aff6b850051563c6516d0bf53f8638938edbb9de732736"

[[package]]
name = "lazy_static"
version = "1.4.0"
source = "registry+https://github.com/rust-lang/crates.io-index"
checksum = "e2abad23fbc42b3700f2f279844dc832adb2b2eb069b2df918f455c4e18cc646"

[[package]]
name = "lazycell"
version = "1.3.0"
source = "registry+https://github.com/rust-lang/crates.io-index"
checksum = "830d08ce1d1d941e6b30645f1a0eb5643013d835ce3779a5fc208261dbe10f55"

[[package]]
name = "libc"
version = "0.2.85"
source = "registry+https://github.com/rust-lang/crates.io-index"
checksum = "7ccac4b00700875e6a07c6cde370d44d32fa01c5a65cdd2fca6858c479d28bb3"

[[package]]
name = "libloading"
version = "0.6.7"
source = "registry+https://github.com/rust-lang/crates.io-index"
checksum = "351a32417a12d5f7e82c368a66781e307834dae04c6ce0cd4456d52989229883"
dependencies = [
 "cfg-if",
 "winapi",
]

[[package]]
name = "lock_api"
version = "0.4.2"
source = "registry+https://github.com/rust-lang/crates.io-index"
checksum = "dd96ffd135b2fd7b973ac026d28085defbe8983df057ced3eb4f2130b0831312"
dependencies = [
 "scopeguard",
]

[[package]]
name = "log"
version = "0.4.14"
source = "registry+https://github.com/rust-lang/crates.io-index"
checksum = "51b9bbe6c47d51fc3e1a9b945965946b4c44142ab8792c50835a980d362c2710"
dependencies = [
 "cfg-if",
]

[[package]]
name = "logic"
version = "0.1.0"
dependencies = [
 "gdnative",
 "rapier2d",
]

[[package]]
name = "matrixmultiply"
version = "0.3.0"
source = "registry+https://github.com/rust-lang/crates.io-index"
checksum = "1300bdbea33ec2836b01ff1f5a6eed8bad66d0c31f94d9b7993407a8b054c3a1"
dependencies = [
 "rawpointer",
]

[[package]]
name = "memchr"
version = "2.3.4"
source = "registry+https://github.com/rust-lang/crates.io-index"
checksum = "0ee1c47aaa256ecabcaea351eae4a9b01ef39ed810004e298d2511ed284b1525"

[[package]]
name = "memoffset"
version = "0.6.1"
source = "registry+https://github.com/rust-lang/crates.io-index"
checksum = "157b4208e3059a8f9e78d559edc658e13df41410cb3ae03979c83130067fdd87"
dependencies = [
 "autocfg",
]

[[package]]
name = "mini-internal"
version = "0.1.13"
source = "registry+https://github.com/rust-lang/crates.io-index"
checksum = "7b3fb39c72c84ffbed14f8ee8b1a0e52ecd323df2ee69499fd3400a95d7269aa"
dependencies = [
 "proc-macro2",
 "quote",
 "syn",
]

[[package]]
name = "miniserde"
version = "0.1.13"
source = "registry+https://github.com/rust-lang/crates.io-index"
checksum = "e021d8031f6e224438f402d4c59d26c997e6e13498bd34da1aa1f858bd3b2f43"
dependencies = [
 "itoa",
 "mini-internal",
 "ryu",
]

[[package]]
name = "nalgebra"
version = "0.25.1"
source = "registry+https://github.com/rust-lang/crates.io-index"
checksum = "e2ac95d3b4b9ee72d70be9131c9bd23ab9982d45fc58d7c4cb171b03ef3b6540"
dependencies = [
 "approx",
 "generic-array",
 "matrixmultiply",
 "num-complex",
 "num-rational",
 "num-traits",
 "simba",
 "typenum",
]

[[package]]
name = "nom"
version = "5.1.2"
source = "registry+https://github.com/rust-lang/crates.io-index"
checksum = "ffb4262d26ed83a1c0a33a38fe2bb15797329c85770da05e6b828ddb782627af"
dependencies = [
 "memchr",
 "version_check",
]

[[package]]
name = "num-complex"
version = "0.3.1"
source = "registry+https://github.com/rust-lang/crates.io-index"
checksum = "747d632c0c558b87dbabbe6a82f3b4ae03720d0646ac5b7b4dae89394be5f2c5"
dependencies = [
 "num-traits",
]

[[package]]
name = "num-derive"
version = "0.3.3"
source = "registry+https://github.com/rust-lang/crates.io-index"
checksum = "876a53fff98e03a936a674b29568b0e605f06b29372c2489ff4de23f1949743d"
dependencies = [
 "proc-macro2",
 "quote",
 "syn",
]

[[package]]
name = "num-integer"
version = "0.1.44"
source = "registry+https://github.com/rust-lang/crates.io-index"
checksum = "d2cc698a63b549a70bc047073d2949cce27cd1c7b0a4a862d08a8031bc2801db"
dependencies = [
 "autocfg",
 "num-traits",
]

[[package]]
name = "num-rational"
version = "0.3.2"
source = "registry+https://github.com/rust-lang/crates.io-index"
checksum = "12ac428b1cb17fce6f731001d307d351ec70a6d202fc2e60f7d4c5e42d8f4f07"
dependencies = [
 "autocfg",
 "num-integer",
 "num-traits",
]

[[package]]
name = "num-traits"
version = "0.2.14"
source = "registry+https://github.com/rust-lang/crates.io-index"
checksum = "9a64b1ec5cda2586e284722486d802acf1f7dbdc623e2bfc57e65ca1cd099290"
dependencies = [
 "autocfg",
]

[[package]]
name = "once_cell"
version = "1.5.2"
source = "registry+https://github.com/rust-lang/crates.io-index"
checksum = "13bd41f508810a131401606d54ac32a467c97172d74ba7662562ebba5ad07fa0"

[[package]]
name = "parking_lot"
version = "0.11.1"
source = "registry+https://github.com/rust-lang/crates.io-index"
checksum = "6d7744ac029df22dca6284efe4e898991d28e3085c706c972bcd7da4a27a15eb"
dependencies = [
 "instant",
 "lock_api",
 "parking_lot_core",
]

[[package]]
name = "parking_lot_core"
version = "0.8.2"
source = "registry+https://github.com/rust-lang/crates.io-index"
checksum = "9ccb628cad4f84851442432c60ad8e1f607e29752d0bf072cbd0baf28aa34272"
dependencies = [
 "cfg-if",
 "instant",
 "libc",
 "redox_syscall",
 "smallvec",
 "winapi",
]

[[package]]
name = "parry2d"
version = "0.3.0"
source = "registry+https://github.com/rust-lang/crates.io-index"
checksum = "ca01bceaaba44ae01f18ab382f5736fa4984fcdedf919d7c28e30b41226fd860"
dependencies = [
 "approx",
 "arrayvec",
 "bitflags",
 "downcast-rs",
 "either",
 "nalgebra",
 "num-derive",
 "num-traits",
 "rustc-hash",
 "simba",
 "slab",
 "smallvec",
]

[[package]]
name = "paste"
version = "1.0.4"
source = "registry+https://github.com/rust-lang/crates.io-index"
checksum = "c5d65c4d95931acda4498f675e332fcbdc9a06705cd07086c510e9b6009cd1c1"

[[package]]
name = "peeking_take_while"
version = "0.1.2"
source = "registry+https://github.com/rust-lang/crates.io-index"
checksum = "19b17cddbe7ec3f8bc800887bab5e717348c95ea2ca0b1bf0837fb964dc67099"

[[package]]
name = "proc-macro-hack"
version = "0.5.19"
source = "registry+https://github.com/rust-lang/crates.io-index"
checksum = "dbf0c48bc1d91375ae5c3cd81e3722dff1abcf81a30960240640d223f59fe0e5"

[[package]]
name = "proc-macro2"
version = "1.0.24"
source = "registry+https://github.com/rust-lang/crates.io-index"
checksum = "1e0704ee1a7e00d7bb417d0770ea303c1bccbabf0ef1667dae92b5967f5f8a71"
dependencies = [
 "unicode-xid",
]

[[package]]
name = "quote"
version = "1.0.8"
source = "registry+https://github.com/rust-lang/crates.io-index"
checksum = "991431c3519a3f36861882da93630ce66b52918dcf1b8e2fd66b397fc96f28df"
dependencies = [
 "proc-macro2",
]

[[package]]
name = "rapier2d"
version = "0.7.2"
source = "registry+https://github.com/rust-lang/crates.io-index"
checksum = "ee63139a7a1f705eec7bb64a696617e46b9804f338eb260afaf6b83f8dca311f"
dependencies = [
 "approx",
 "arrayvec",
 "bit-vec",
 "bitflags",
 "crossbeam",
 "downcast-rs",
 "instant",
 "nalgebra",
 "num-derive",
 "num-traits",
 "parry2d",
 "rustc-hash",
 "simba",
]

[[package]]
name = "rawpointer"
version = "0.2.1"
source = "registry+https://github.com/rust-lang/crates.io-index"
checksum = "60a357793950651c4ed0f3f52338f53b2f809f32d83a07f72909fa13e4c6c1e3"

[[package]]
name = "redox_syscall"
version = "0.1.57"
source = "registry+https://github.com/rust-lang/crates.io-index"
checksum = "41cc0f7e4d5d4544e8861606a285bb08d3e70712ccc7d2b84d7c0ccfaf4b05ce"

[[package]]
name = "regex"
version = "1.4.3"
source = "registry+https://github.com/rust-lang/crates.io-index"
checksum = "d9251239e129e16308e70d853559389de218ac275b515068abc96829d05b948a"
dependencies = [
 "regex-syntax",
]

[[package]]
name = "regex-syntax"
version = "0.6.22"
source = "registry+https://github.com/rust-lang/crates.io-index"
checksum = "b5eb417147ba9860a96cfe72a0b93bf88fee1744b5636ec99ab20c1aa9376581"

[[package]]
name = "roxmltree"
version = "0.14.0"
source = "registry+https://github.com/rust-lang/crates.io-index"
checksum = "bf58a7d05b28e14b1e8902fa04c4d5d6109f5450ef71a5e6597f66e53f541504"
dependencies = [
 "xmlparser",
]

[[package]]
name = "rustc-hash"
version = "1.1.0"
source = "registry+https://github.com/rust-lang/crates.io-index"
checksum = "08d43f7aa6b08d49f382cde6a7982047c3426db949b1424bc4b7ec9ae12c6ce2"

[[package]]
name = "rustc_version"
version = "0.2.3"
source = "registry+https://github.com/rust-lang/crates.io-index"
checksum = "138e3e0acb6c9fb258b19b67cb8abd63c00679d2851805ea151465464fe9030a"
dependencies = [
 "semver",
]

[[package]]
name = "ryu"
version = "1.0.5"
source = "registry+https://github.com/rust-lang/crates.io-index"
checksum = "71d301d4193d031abdd79ff7e3dd721168a9572ef3fe51a1517aba235bd8f86e"

[[package]]
name = "scopeguard"
version = "1.1.0"
source = "registry+https://github.com/rust-lang/crates.io-index"
checksum = "d29ab0c6d3fc0ee92fe66e2d99f700eab17a8d57d1c1d3b748380fb20baa78cd"

[[package]]
name = "semver"
version = "0.9.0"
source = "registry+https://github.com/rust-lang/crates.io-index"
checksum = "1d7eb9ef2c18661902cc47e535f9bc51b78acd254da71d375c2f6720d9a40403"
dependencies = [
 "semver-parser",
]

[[package]]
name = "semver-parser"
version = "0.7.0"
source = "registry+https://github.com/rust-lang/crates.io-index"
checksum = "388a1df253eca08550bef6c72392cfe7c30914bf41df5269b68cbd6ff8f570a3"

[[package]]
name = "serde"
version = "1.0.126"
source = "registry+https://github.com/rust-lang/crates.io-index"
checksum = "ec7505abeacaec74ae4778d9d9328fe5a5d04253220a85c4ee022239fc996d03"

[[package]]
name = "serde_derive"
version = "1.0.126"
source = "registry+https://github.com/rust-lang/crates.io-index"
checksum = "963a7dbc9895aeac7ac90e74f34a5d5261828f79df35cbed41e10189d3804d43"
dependencies = [
 "proc-macro2",
 "quote",
 "syn",
]

[[package]]
name = "serde_json"
version = "1.0.64"
source = "registry+https://github.com/rust-lang/crates.io-index"
checksum = "799e97dc9fdae36a5c8b8f2cae9ce2ee9fdce2058c57a93e6099d919fd982f79"
dependencies = [
 "itoa",
 "ryu",
 "serde",
]

[[package]]
name = "sha1"
version = "0.6.0"
source = "registry+https://github.com/rust-lang/crates.io-index"
checksum = "2579985fda508104f7587689507983eadd6a6e84dd35d6d115361f530916fa0d"

[[package]]
name = "shlex"
version = "0.1.1"
source = "registry+https://github.com/rust-lang/crates.io-index"
checksum = "7fdf1b9db47230893d76faad238fd6097fd6d6a9245cd7a4d90dbd639536bbd2"

[[package]]
name = "simba"
version = "0.4.0"
source = "registry+https://github.com/rust-lang/crates.io-index"
checksum = "5132a955559188f3d13c9ba831e77c802ddc8782783f050ed0c52f5988b95f4c"
dependencies = [
 "approx",
 "num-complex",
 "num-traits",
 "paste",
]

[[package]]
name = "slab"
version = "0.4.2"
source = "registry+https://github.com/rust-lang/crates.io-index"
checksum = "c111b5bd5695e56cffe5129854aa230b39c93a305372fdbb2668ca2394eea9f8"

[[package]]
name = "smallvec"
version = "1.6.1"
source = "registry+https://github.com/rust-lang/crates.io-index"
checksum = "fe0f37c9e8f3c5a4a66ad655a93c74daac4ad00c441533bf5c6e7990bb42604e"

[[package]]
name = "standback"
version = "0.2.17"
source = "registry+https://github.com/rust-lang/crates.io-index"
checksum = "e113fb6f3de07a243d434a56ec6f186dfd51cb08448239fe7bcae73f87ff28ff"
dependencies = [
 "version_check",
]

[[package]]
name = "stdweb"
version = "0.4.20"
source = "registry+https://github.com/rust-lang/crates.io-index"
checksum = "d022496b16281348b52d0e30ae99e01a73d737b2f45d38fed4edf79f9325a1d5"
dependencies = [
 "discard",
 "rustc_version",
 "stdweb-derive",
 "stdweb-internal-macros",
 "stdweb-internal-runtime",
 "wasm-bindgen",
]

[[package]]
name = "stdweb-derive"
version = "0.5.3"
source = "registry+https://github.com/rust-lang/crates.io-index"
checksum = "c87a60a40fccc84bef0652345bbbbbe20a605bf5d0ce81719fc476f5c03b50ef"
dependencies = [
 "proc-macro2",
 "quote",
 "serde",
 "serde_derive",
 "syn",
]

[[package]]
name = "stdweb-internal-macros"
version = "0.2.9"
source = "registry+https://github.com/rust-lang/crates.io-index"
checksum = "58fa5ff6ad0d98d1ffa8cb115892b6e69d67799f6763e162a1c9db421dc22e11"
dependencies = [
 "base-x",
 "proc-macro2",
 "quote",
 "serde",
 "serde_derive",
 "serde_json",
 "sha1",
 "syn",
]

[[package]]
name = "stdweb-internal-runtime"
version = "0.1.5"
source = "registry+https://github.com/rust-lang/crates.io-index"
checksum = "213701ba3370744dcd1a12960caa4843b3d68b4d1c0a5d575e0d65b2ee9d16c0"

[[package]]
name = "syn"
version = "1.0.67"
source = "registry+https://github.com/rust-lang/crates.io-index"
checksum = "6498a9efc342871f91cc2d0d694c674368b4ceb40f62b65a7a08c3792935e702"
dependencies = [
 "proc-macro2",
 "quote",
 "unicode-xid",
]

[[package]]
name = "time"
version = "0.2.25"
source = "registry+https://github.com/rust-lang/crates.io-index"
checksum = "1195b046942c221454c2539395f85413b33383a067449d78aab2b7b052a142f7"
dependencies = [
 "const_fn",
 "libc",
 "standback",
 "stdweb",
 "time-macros",
 "version_check",
 "winapi",
]

[[package]]
name = "time-macros"
version = "0.1.1"
source = "registry+https://github.com/rust-lang/crates.io-index"
checksum = "957e9c6e26f12cb6d0dd7fc776bb67a706312e7299aed74c8dd5b17ebb27e2f1"
dependencies = [
 "proc-macro-hack",
 "time-macros-impl",
]

[[package]]
name = "time-macros-impl"
version = "0.1.2"
source = "registry+https://github.com/rust-lang/crates.io-index"
checksum = "fd3c141a1b43194f3f56a1411225df8646c55781d5f26db825b3d98507eb482f"
dependencies = [
 "proc-macro-hack",
 "proc-macro2",
 "quote",
 "standback",
 "syn",
]

[[package]]
name = "typenum"
version = "1.12.0"
source = "registry+https://github.com/rust-lang/crates.io-index"
checksum = "373c8a200f9e67a0c95e62a4f52fbf80c23b4381c05a17845531982fa99e6b33"

[[package]]
name = "unicode-segmentation"
version = "1.7.1"
source = "registry+https://github.com/rust-lang/crates.io-index"
checksum = "bb0d2e7be6ae3a5fa87eed5fb451aff96f2573d2694942e40543ae0bbe19c796"

[[package]]
name = "unicode-xid"
version = "0.2.1"
source = "registry+https://github.com/rust-lang/crates.io-index"
checksum = "f7fe0bb3479651439c9112f72b6c505038574c9fbb575ed1bf3b797fa39dd564"

[[package]]
name = "unindent"
version = "0.1.7"
source = "registry+https://github.com/rust-lang/crates.io-index"
checksum = "f14ee04d9415b52b3aeab06258a3f07093182b88ba0f9b8d203f211a7a7d41c7"

[[package]]
name = "version_check"
version = "0.9.2"
source = "registry+https://github.com/rust-lang/crates.io-index"
checksum = "b5a972e5669d67ba988ce3dc826706fb0a8b01471c088cb0b6110b805cc36aed"

[[package]]
name = "wasi"
version = "0.10.2+wasi-snapshot-preview1"
source = "registry+https://github.com/rust-lang/crates.io-index"
checksum = "fd6fbd9a79829dd1ad0cc20627bf1ed606756a7f77edff7b66b7064f9cb327c6"

[[package]]
name = "wasm-bindgen"
version = "0.2.74"
source = "registry+https://github.com/rust-lang/crates.io-index"
checksum = "d54ee1d4ed486f78874278e63e4069fc1ab9f6a18ca492076ffb90c5eb2997fd"
dependencies = [
 "cfg-if",
 "wasm-bindgen-macro",
]

[[package]]
name = "wasm-bindgen-backend"
version = "0.2.74"
source = "registry+https://github.com/rust-lang/crates.io-index"
checksum = "3b33f6a0694ccfea53d94db8b2ed1c3a8a4c86dd936b13b9f0a15ec4a451b900"
dependencies = [
 "bumpalo",
 "lazy_static",
 "log",
 "proc-macro2",
 "quote",
 "syn",
 "wasm-bindgen-shared",
]

[[package]]
name = "wasm-bindgen-macro"
version = "0.2.74"
source = "registry+https://github.com/rust-lang/crates.io-index"
checksum = "088169ca61430fe1e58b8096c24975251700e7b1f6fd91cc9d59b04fb9b18bd4"
dependencies = [
 "quote",
 "wasm-bindgen-macro-support",
]

[[package]]
name = "wasm-bindgen-macro-support"
version = "0.2.74"
source = "registry+https://github.com/rust-lang/crates.io-index"
checksum = "be2241542ff3d9f241f5e2cb6dd09b37efe786df8851c54957683a49f0987a97"
dependencies = [
 "proc-macro2",
 "quote",
 "syn",
 "wasm-bindgen-backend",
 "wasm-bindgen-shared",
]

[[package]]
name = "wasm-bindgen-shared"
version = "0.2.74"
source = "registry+https://github.com/rust-lang/crates.io-index"
checksum = "d7cff876b8f18eed75a66cf49b65e7f967cb354a7aa16003fb55dbfd25b44b4f"

[[package]]
name = "winapi"
version = "0.3.9"
source = "registry+https://github.com/rust-lang/crates.io-index"
checksum = "5c839a674fcd7a98952e593242ea400abe93992746761e38641405d28b00f419"
dependencies = [
 "winapi-i686-pc-windows-gnu",
 "winapi-x86_64-pc-windows-gnu",
]

[[package]]
name = "winapi-i686-pc-windows-gnu"
version = "0.4.0"
source = "registry+https://github.com/rust-lang/crates.io-index"
checksum = "ac3b87c63620426dd9b991e5ce0329eff545bccbbb34f3be09ff6fb6ab51b7b6"

[[package]]
name = "winapi-x86_64-pc-windows-gnu"
version = "0.4.0"
source = "registry+https://github.com/rust-lang/crates.io-index"
checksum = "712e227841d057c1ee1cd2fb22fa7e5a5461ae8e48fa2ca79ec42cfc1931183f"

[[package]]
name = "xmlparser"
version = "0.13.3"
source = "registry+https://github.com/rust-lang/crates.io-index"
checksum = "114ba2b24d2167ef6d67d7d04c8cc86522b87f490025f39f0303b7db5bf5e3d8"
